
Microsoft Visual Studio Solution File, Format Version 12.00
# Visual Studio Version 16
VisualStudioVersion = 16.0.29728.190
MinimumVisualStudioVersion = 10.0.40219.1
Project("{FAE04EC0-301F-11D3-BF4B-00C04F79EFBC}") = "TicTacToeG", "TicTacToeG\TicTacToeG.csproj", "{122A6029-5ABD-4130-B1D9-80839FBC848F}"
EndProject
Global
	GlobalSection(SolutionConfigurationPlatforms) = preSolution
		Debug|Any CPU = Debug|Any CPU
		Release|Any CPU = Release|Any CPU
	EndGlobalSection
	GlobalSection(ProjectConfigurationPlatforms) = postSolution
		{122A6029-5ABD-4130-B1D9-80839FBC848F}.Debug|Any CPU.ActiveCfg = Debug|Any CPU
		{122A6029-5ABD-4130-B1D9-80839FBC848F}.Debug|Any CPU.Build.0 = Debug|Any CPU
		{122A6029-5ABD-4130-B1D9-80839FBC848F}.Release|Any CPU.ActiveCfg = Release|Any CPU
		{122A6029-5ABD-4130-B1D9-80839FBC848F}.Release|Any CPU.Build.0 = Release|Any CPU
	EndGlobalSection
	GlobalSection(SolutionProperties) = preSolution
		HideSolutionNode = FALSE
	EndGlobalSection
	GlobalSection(ExtensibilityGlobals) = postSolution
		SolutionGuid = {B8AC03F7-D7F3-4B8E-9D2A-3D963436DC6E}
	EndGlobalSection
EndGlobal
